
Microsoft Visual Studio Solution File, Format Version 12.00
# Visual Studio Version 17
VisualStudioVersion = 17.9.34607.119
MinimumVisualStudioVersion = 10.0.40219.1
Project("{888888A0-9F3D-457C-B088-3A5042F75D52}") = "Cesar chiper", "Cesar chiper.pyproj", "{1DE42F5F-BB8E-4DCF-9DE4-7CF8BCDEB015}"
EndProject
Global
	GlobalSection(SolutionConfigurationPlatforms) = preSolution
		Debug|Any CPU = Debug|Any CPU
		Release|Any CPU = Release|Any CPU
	EndGlobalSection
	GlobalSection(ProjectConfigurationPlatforms) = postSolution
		{1DE42F5F-BB8E-4DCF-9DE4-7CF8BCDEB015}.Debug|Any CPU.ActiveCfg = Debug|Any CPU
		{1DE42F5F-BB8E-4DCF-9DE4-7CF8BCDEB015}.Release|Any CPU.ActiveCfg = Release|Any CPU
	EndGlobalSection
	GlobalSection(SolutionProperties) = preSolution
		HideSolutionNode = FALSE
	EndGlobalSection
	GlobalSection(ExtensibilityGlobals) = postSolution
		SolutionGuid = {EF8634F9-B14A-4902-86F5-FBAD8F44944B}
	EndGlobalSection
EndGlobal
